
Microsoft Visual Studio Solution File, Format Version 12.00
# Visual Studio Version 16
VisualStudioVersion = 16.0.30717.126
MinimumVisualStudioVersion = 10.0.40219.1
Project("{FAE04EC0-301F-11D3-BF4B-00C04F79EFBC}") = "HomeWork_01_Derushko_Pavel", "HomeWork_01_Derushko_Pavel.csproj", "{37A2357D-53B0-45CF-8A38-084F5B42C174}"
EndProject
Global
	GlobalSection(SolutionConfigurationPlatforms) = preSolution
		Debug|Any CPU = Debug|Any CPU
		Release|Any CPU = Release|Any CPU
	EndGlobalSection
	GlobalSection(ProjectConfigurationPlatforms) = postSolution
		{37A2357D-53B0-45CF-8A38-084F5B42C174}.Debug|Any CPU.ActiveCfg = Debug|Any CPU
		{37A2357D-53B0-45CF-8A38-084F5B42C174}.Debug|Any CPU.Build.0 = Debug|Any CPU
		{37A2357D-53B0-45CF-8A38-084F5B42C174}.Release|Any CPU.ActiveCfg = Release|Any CPU
		{37A2357D-53B0-45CF-8A38-084F5B42C174}.Release|Any CPU.Build.0 = Release|Any CPU
	EndGlobalSection
	GlobalSection(SolutionProperties) = preSolution
		HideSolutionNode = FALSE
	EndGlobalSection
	GlobalSection(ExtensibilityGlobals) = postSolution
		SolutionGuid = {DF12C7C7-B7F6-4E7E-9160-804F1ED7C280}
	EndGlobalSection
EndGlobal
